github.com/andrewjohnsonsmarty/calc-lib v0.0.0 h1:pkHbMXhPkr0VJPrOXZtLkTaUhNvbuWyZONNsIdrjwRY=
github.com/andrewjohnsonsmarty/calc-lib v0.0.0/go.mod h1:09r6nF3hjdmrdme0cO+B/dqtucS1pmA3ruIUHlloLjM=
github.com/andrewjohnsonsmarty/calc-lib v0.0.1 h1:aqE6GqPwlw3jPCLXtO2N+NxkdOIjsHvEHY509DdavEI=
github.com/andrewjohnsonsmarty/calc-lib v0.0.1/go.mod h1:09r6nF3hjdmrdme0cO+B/dqtucS1pmA3ruIUHlloLjM=
